// !$*UTF8*$!
{
	archiveVersion = 1;
	classes = {
	};
	objectVersion = 46;
	objects = {

/* Begin PBXBuildFile section */
		76155AF8C60957B65098A4DC /* libPods-googleimageapi.a in Frameworks */ = {isa = PBXBuildFile; fileRef = E8F2CC6FDDB36D1115307234 /* libPods-googleimageapi.a */; };
		DF43FB1D1B504A4900D42110 /* main.m in Sources */ = {isa = PBXBuildFile; fileRef = DF43FB1C1B504A4900D42110 /* main.m */; };
		DF43FB201B504A4900D42110 /* AppDelegate.m in Sources */ = {isa = PBXBuildFile; fileRef = DF43FB1F1B504A4900D42110 /* AppDelegate.m */; };
		DF43FB281B504A4900D42110 /* Images.xcassets in Resources */ = {isa = PBXBuildFile; fileRef = DF43FB271B504A4900D42110 /* Images.xcassets */; };
		DF43FB2B1B504A4900D42110 /* LaunchScreen.xib in Resources */ = {isa = PBXBuildFile; fileRef = DF43FB291B504A4900D42110 /* LaunchScreen.xib */; };
		DF43FB371B504A4900D42110 /* googleimageapiTests.m in Sources */ = {isa = PBXBuildFile; fileRef = DF43FB361B504A4900D42110 /* googleimageapiTests.m */; };
		DFD4F6301B504BBA00D37B9C /* GImage.m in Sources */ = {isa = PBXBuildFile; fileRef = DFD4F62F1B504BBA00D37B9C /* GImage.m */; };
		DFD4F6361B504C1800D37B9C /* FeedViewController.m in Sources */ = {isa = PBXBuildFile; fileRef = DFD4F6351B504C1800D37B9C /* FeedViewController.m */; };
		DFD4F66E1B504C5100D37B9C /* GoogleImageSearchModel.xcdatamodeld in Sources */ = {isa = PBXBuildFile; fileRef = DFD4F66C1B504C5100D37B9C /* GoogleImageSearchModel.xcdatamodeld */; };
		DFD4F6701B504C5D00D37B9C /* CoreGraphics.framework in Frameworks */ = {isa = PBXBuildFile; fileRef = DFD4F66F1B504C5D00D37B9C /* CoreGraphics.framework */; };
		DFD4F6721B504C6100D37B9C /* CoreData.framework in Frameworks */ = {isa = PBXBuildFile; fileRef = DFD4F6711B504C6100D37B9C /* CoreData.framework */; };
		DFD4F6741B504C6500D37B9C /* UIKit.framework in Frameworks */ = {isa = PBXBuildFile; fileRef = DFD4F6731B504C6500D37B9C /* UIKit.framework */; };
		DFD4F6761B504C6C00D37B9C /* Foundation.framework in Frameworks */ = {isa = PBXBuildFile; fileRef = DFD4F6751B504C6C00D37B9C /* Foundation.framework */; };
		DFD4F6791B504D0D00D37B9C /* Search.m in Sources */ = {isa = PBXBuildFile; fileRef = DFD4F6781B504D0D00D37B9C /* Search.m */; };
		DFD4F67E1B504D8500D37B9C /* UIView+AppViews.m in Sources */ = {isa = PBXBuildFile; fileRef = DFD4F67D1B504D8500D37B9C /* UIView+AppViews.m */; };
		DFD4F6811B504D9F00D37B9C /* UIColor+AppColors.m in Sources */ = {isa = PBXBuildFile; fileRef = DFD4F6801B504D9F00D37B9C /* UIColor+AppColors.m */; };
		DFD4F6841B504DB200D37B9C /* UIFont+AppFonts.m in Sources */ = {isa = PBXBuildFile; fileRef = DFD4F6831B504DB200D37B9C /* UIFont+AppFonts.m */; };
		DFD4F6881B504F0A00D37B9C /* CDViewController.m in Sources */ = {isa = PBXBuildFile; fileRef = DFD4F6871B504F0A00D37B9C /* CDViewController.m */; };
		DFD4F68B1B50530800D37B9C /* ImageCollectionViewCell.m in Sources */ = {isa = PBXBuildFile; fileRef = DFD4F68A1B50530800D37B9C /* ImageCollectionViewCell.m */; };
		DFD4F68E1B50607500D37B9C /* HistoryViewController.m in Sources */ = {isa = PBXBuildFile; fileRef = DFD4F68D1B50607500D37B9C /* HistoryViewController.m */; };
		DFD4F6911B5060FE00D37B9C /* CDTableViewController.m in Sources */ = {isa = PBXBuildFile; fileRef = DFD4F6901B5060FE00D37B9C /* CDTableViewController.m */; };
/* End PBXBuildFile section */

/* Begin PBXContainerItemProxy section */
		DF43FB311B504A4900D42110 /* PBXContainerItemProxy */ = {
			isa = PBXContainerItemProxy;
			containerPortal = DF43FB0F1B504A4900D42110 /* Project object */;
			proxyType = 1;
			remoteGlobalIDString = DF43FB161B504A4900D42110;
			remoteInfo = googleimageapi;
		};
/* End PBXContainerItemProxy section */

/* Begin PBXFileReference section */
		34889C3B1383E431F233B13D /* Pods-googleimageapi.debug.xcconfig */ = {isa = PBXFileReference; includeInIndex = 1; lastKnownFileType = text.xcconfig; name = "Pods-googleimageapi.debug.xcconfig"; path = "Pods/Target Support Files/Pods-googleimageapi/Pods-googleimageapi.debug.xcconfig"; sourceTree = "<group>"; };
		B4F23AAF5086EA5030601C04 /* Pods-googleimageapi.release.xcconfig */ = {isa = PBXFileReference; includeInIndex = 1; lastKnownFileType = text.xcconfig; name = "Pods-googleimageapi.release.xcconfig"; path = "Pods/Target Support Files/Pods-googleimageapi/Pods-googleimageapi.release.xcconfig"; sourceTree = "<group>"; };
		DF43FB171B504A4900D42110 /* googleimageapi.app */ = {isa = PBXFileReference; explicitFileType = wrapper.application; includeInIndex = 0; path = googleimageapi.app; sourceTree = BUILT_PRODUCTS_DIR; };
		DF43FB1B1B504A4900D42110 /* Info.plist */ = {isa = PBXFileReference; lastKnownFileType = text.plist.xml; path = Info.plist; sourceTree = "<group>"; };
		DF43FB1C1B504A4900D42110 /* main.m */ = {isa = PBXFileReference; lastKnownFileType = sourcecode.c.objc; path = main.m; sourceTree = "<group>"; };
		DF43FB1E1B504A4900D42110 /* AppDelegate.h */ = {isa = PBXFileReference; lastKnownFileType = sourcecode.c.h; path = AppDelegate.h; sourceTree = "<group>"; };
		DF43FB1F1B504A4900D42110 /* AppDelegate.m */ = {isa = PBXFileReference; lastKnownFileType = sourcecode.c.objc; path = AppDelegate.m; sourceTree = "<group>"; };
		DF43FB271B504A4900D42110 /* Images.xcassets */ = {isa = PBXFileReference; lastKnownFileType = folder.assetcatalog; path = Images.xcassets; sourceTree = "<group>"; };
		DF43FB2A1B504A4900D42110 /* Base */ = {isa = PBXFileReference; lastKnownFileType = file.xib; name = Base; path = Base.lproj/LaunchScreen.xib; sourceTree = "<group>"; };
		DF43FB301B504A4900D42110 /* googleimageapiTests.xctest */ = {isa = PBXFileReference; explicitFileType = wrapper.cfbundle; includeInIndex = 0; path = googleimageapiTests.xctest; sourceTree = BUILT_PRODUCTS_DIR; };
		DF43FB351B504A4900D42110 /* Info.plist */ = {isa = PBXFileReference; lastKnownFileType = text.plist.xml; path = Info.plist; sourceTree = "<group>"; };
		DF43FB361B504A4900D42110 /* googleimageapiTests.m */ = {isa = PBXFileReference; lastKnownFileType = sourcecode.c.objc; path = googleimageapiTests.m; sourceTree = "<group>"; };
		DFD4F62E1B504BBA00D37B9C /* GImage.h */ = {isa = PBXFileReference; fileEncoding = 4; lastKnownFileType = sourcecode.c.h; name = GImage.h; path = Models/GImage.h; sourceTree = "<group>"; };
		DFD4F62F1B504BBA00D37B9C /* GImage.m */ = {isa = PBXFileReference; fileEncoding = 4; lastKnownFileType = sourcecode.c.objc; name = GImage.m; path = Models/GImage.m; sourceTree = "<group>"; };
		DFD4F6341B504C1800D37B9C /* FeedViewController.h */ = {isa = PBXFileReference; fileEncoding = 4; lastKnownFileType = sourcecode.c.h; name = FeedViewController.h; path = Controllers/FeedViewController.h; sourceTree = "<group>"; };
		DFD4F6351B504C1800D37B9C /* FeedViewController.m */ = {isa = PBXFileReference; fileEncoding = 4; lastKnownFileType = sourcecode.c.objc; name = FeedViewController.m; path = Controllers/FeedViewController.m; sourceTree = "<group>"; };
		DFD4F66D1B504C5100D37B9C /* GoogleImageSearchModel.xcdatamodel */ = {isa = PBXFileReference; lastKnownFileType = wrapper.xcdatamodel; path = GoogleImageSearchModel.xcdatamodel; sourceTree = "<group>"; };
		DFD4F66F1B504C5D00D37B9C /* CoreGraphics.framework */ = {isa = PBXFileReference; lastKnownFileType = wrapper.framework; name = CoreGraphics.framework; path = System/Library/Frameworks/CoreGraphics.framework; sourceTree = SDKROOT; };
		DFD4F6711B504C6100D37B9C /* CoreData.framework */ = {isa = PBXFileReference; lastKnownFileType = wrapper.framework; name = CoreData.framework; path = System/Library/Frameworks/CoreData.framework; sourceTree = SDKROOT; };
		DFD4F6731B504C6500D37B9C /* UIKit.framework */ = {isa = PBXFileReference; lastKnownFileType = wrapper.framework; name = UIKit.framework; path = System/Library/Frameworks/UIKit.framework; sourceTree = SDKROOT; };
		DFD4F6751B504C6C00D37B9C /* Foundation.framework */ = {isa = PBXFileReference; lastKnownFileType = wrapper.framework; name = Foundation.framework; path = System/Library/Frameworks/Foundation.framework; sourceTree = SDKROOT; };
		DFD4F6771B504D0D00D37B9C /* Search.h */ = {isa = PBXFileReference; fileEncoding = 4; lastKnownFileType = sourcecode.c.h; name = Search.h; path = Models/Search.h; sourceTree = "<group>"; };
		DFD4F6781B504D0D00D37B9C /* Search.m */ = {isa = PBXFileReference; fileEncoding = 4; lastKnownFileType = sourcecode.c.objc; name = Search.m; path = Models/Search.m; sourceTree = "<group>"; };
		DFD4F67C1B504D8500D37B9C /* UIView+AppViews.h */ = {isa = PBXFileReference; fileEncoding = 4; lastKnownFileType = sourcecode.c.h; name = "UIView+AppViews.h"; path = "Helpers/UIView+AppViews.h"; sourceTree = "<group>"; };
		DFD4F67D1B504D8500D37B9C /* UIView+AppViews.m */ = {isa = PBXFileReference; fileEncoding = 4; lastKnownFileType = sourcecode.c.objc; name = "UIView+AppViews.m"; path = "Helpers/UIView+AppViews.m"; sourceTree = "<group>"; };
		DFD4F67F1B504D9F00D37B9C /* UIColor+AppColors.h */ = {isa = PBXFileReference; fileEncoding = 4; lastKnownFileType = sourcecode.c.h; name = "UIColor+AppColors.h"; path = "Helpers/UIColor+AppColors.h"; sourceTree = "<group>"; };
		DFD4F6801B504D9F00D37B9C /* UIColor+AppColors.m */ = {isa = PBXFileReference; fileEncoding = 4; lastKnownFileType = sourcecode.c.objc; name = "UIColor+AppColors.m"; path = "Helpers/UIColor+AppColors.m"; sourceTree = "<group>"; };
		DFD4F6821B504DB200D37B9C /* UIFont+AppFonts.h */ = {isa = PBXFileReference; fileEncoding = 4; lastKnownFileType = sourcecode.c.h; name = "UIFont+AppFonts.h"; path = "Helpers/UIFont+AppFonts.h"; sourceTree = "<group>"; };
		DFD4F6831B504DB200D37B9C /* UIFont+AppFonts.m */ = {isa = PBXFileReference; fileEncoding = 4; lastKnownFileType = sourcecode.c.objc; name = "UIFont+AppFonts.m"; path = "Helpers/UIFont+AppFonts.m"; sourceTree = "<group>"; };
		DFD4F6861B504F0A00D37B9C /* CDViewController.h */ = {isa = PBXFileReference; fileEncoding = 4; lastKnownFileType = sourcecode.c.h; name = CDViewController.h; path = Controllers/Abstract/CDViewController.h; sourceTree = "<group>"; };
		DFD4F6871B504F0A00D37B9C /* CDViewController.m */ = {isa = PBXFileReference; fileEncoding = 4; lastKnownFileType = sourcecode.c.objc; name = CDViewController.m; path = Controllers/Abstract/CDViewController.m; sourceTree = "<group>"; };
		DFD4F6891B50530800D37B9C /* ImageCollectionViewCell.h */ = {isa = PBXFileReference; fileEncoding = 4; lastKnownFileType = sourcecode.c.h; name = ImageCollectionViewCell.h; path = Views/ImageCollectionViewCell.h; sourceTree = "<group>"; };
		DFD4F68A1B50530800D37B9C /* ImageCollectionViewCell.m */ = {isa = PBXFileReference; fileEncoding = 4; lastKnownFileType = sourcecode.c.objc; name = ImageCollectionViewCell.m; path = Views/ImageCollectionViewCell.m; sourceTree = "<group>"; };
		DFD4F68C1B50607500D37B9C /* HistoryViewController.h */ = {isa = PBXFileReference; fileEncoding = 4; lastKnownFileType = sourcecode.c.h; name = HistoryViewController.h; path = Controllers/HistoryViewController.h; sourceTree = "<group>"; };
		DFD4F68D1B50607500D37B9C /* HistoryViewController.m */ = {isa = PBXFileReference; fileEncoding = 4; lastKnownFileType = sourcecode.c.objc; name = HistoryViewController.m; path = Controllers/HistoryViewController.m; sourceTree = "<group>"; };
		DFD4F68F1B5060FE00D37B9C /* CDTableViewController.h */ = {isa = PBXFileReference; fileEncoding = 4; lastKnownFileType = sourcecode.c.h; name = CDTableViewController.h; path = Controllers/Abstract/CDTableViewController.h; sourceTree = "<group>"; };
		DFD4F6901B5060FE00D37B9C /* CDTableViewController.m */ = {isa = PBXFileReference; fileEncoding = 4; lastKnownFileType = sourcecode.c.objc; name = CDTableViewController.m; path = Controllers/Abstract/CDTableViewController.m; sourceTree = "<group>"; };
		E8F2CC6FDDB36D1115307234 /* libPods-googleimageapi.a */ = {isa = PBXFileReference; explicitFileType = archive.ar; includeInIndex = 0; path = "libPods-googleimageapi.a"; sourceTree = BUILT_PRODUCTS_DIR; };
/* End PBXFileReference section */

/* Begin PBXFrameworksBuildPhase section */
		DF43FB141B504A4900D42110 /* Frameworks */ = {
			isa = PBXFrameworksBuildPhase;
			buildActionMask = 2147483647;
			files = (
				DFD4F6761B504C6C00D37B9C /* Foundation.framework in Frameworks */,
				DFD4F6741B504C6500D37B9C /* UIKit.framework in Frameworks */,
				DFD4F6721B504C6100D37B9C /* CoreData.framework in Frameworks */,
				DFD4F6701B504C5D00D37B9C /* CoreGraphics.framework in Frameworks */,
				76155AF8C60957B65098A4DC /* libPods-googleimageapi.a in Frameworks */,
			);
			runOnlyForDeploymentPostprocessing = 0;
		};
		DF43FB2D1B504A4900D42110 /* Frameworks */ = {
			isa = PBXFrameworksBuildPhase;
			buildActionMask = 2147483647;
			files = (
			);
			runOnlyForDeploymentPostprocessing = 0;
		};
/* End PBXFrameworksBuildPhase section */

/* Begin PBXGroup section */
		0C97F903CAB0BD1B00D19527 /* Pods */ = {
			isa = PBXGroup;
			children = (
				34889C3B1383E431F233B13D /* Pods-googleimageapi.debug.xcconfig */,
				B4F23AAF5086EA5030601C04 /* Pods-googleimageapi.release.xcconfig */,
			);
			name = Pods;
			sourceTree = "<group>";
		};
		1DFE773280ED5EDBFE1CBD23 /* Frameworks */ = {
			isa = PBXGroup;
			children = (
				DFD4F6751B504C6C00D37B9C /* Foundation.framework */,
				DFD4F6731B504C6500D37B9C /* UIKit.framework */,
				DFD4F6711B504C6100D37B9C /* CoreData.framework */,
				DFD4F66F1B504C5D00D37B9C /* CoreGraphics.framework */,
				E8F2CC6FDDB36D1115307234 /* libPods-googleimageapi.a */,
			);
			name = Frameworks;
			sourceTree = "<group>";
		};
		DF43FB0E1B504A4900D42110 = {
			isa = PBXGroup;
			children = (
				DF43FB191B504A4900D42110 /* googleimageapi */,
				DFD4F67B1B504D6E00D37B9C /* Helpers */,
				DF43FB331B504A4900D42110 /* googleimageapiTests */,
				DF43FB181B504A4900D42110 /* Products */,
				0C97F903CAB0BD1B00D19527 /* Pods */,
				1DFE773280ED5EDBFE1CBD23 /* Frameworks */,
			);
			sourceTree = "<group>";
		};
		DF43FB181B504A4900D42110 /* Products */ = {
			isa = PBXGroup;
			children = (
				DF43FB171B504A4900D42110 /* googleimageapi.app */,
				DF43FB301B504A4900D42110 /* googleimageapiTests.xctest */,
			);
			name = Products;
			sourceTree = "<group>";
		};
		DF43FB191B504A4900D42110 /* googleimageapi */ = {
			isa = PBXGroup;
			children = (
				DF43FB1E1B504A4900D42110 /* AppDelegate.h */,
				DF43FB1F1B504A4900D42110 /* AppDelegate.m */,
				DFD4F66C1B504C5100D37B9C /* GoogleImageSearchModel.xcdatamodeld */,
				DFD4F62B1B504B7900D37B9C /* Models */,
				DFD4F62C1B504B7E00D37B9C /* Views */,
				DFD4F62D1B504B8200D37B9C /* Controllers */,
				DF43FB1A1B504A4900D42110 /* Supporting Files */,
			);
			path = googleimageapi;
			sourceTree = "<group>";
		};
		DF43FB1A1B504A4900D42110 /* Supporting Files */ = {
			isa = PBXGroup;
			children = (
				DF43FB271B504A4900D42110 /* Images.xcassets */,
				DF43FB291B504A4900D42110 /* LaunchScreen.xib */,
				DF43FB1B1B504A4900D42110 /* Info.plist */,
				DF43FB1C1B504A4900D42110 /* main.m */,
			);
			name = "Supporting Files";
			sourceTree = "<group>";
		};
		DF43FB331B504A4900D42110 /* googleimageapiTests */ = {
			isa = PBXGroup;
			children = (
				DF43FB361B504A4900D42110 /* googleimageapiTests.m */,
				DF43FB341B504A4900D42110 /* Supporting Files */,
			);
			path = googleimageapiTests;
			sourceTree = "<group>";
		};
		DF43FB341B504A4900D42110 /* Supporting Files */ = {
			isa = PBXGroup;
			children = (
				DF43FB351B504A4900D42110 /* Info.plist */,
			);
			name = "Supporting Files";
			sourceTree = "<group>";
		};
		DFD4F62B1B504B7900D37B9C /* Models */ = {
			isa = PBXGroup;
			children = (
				DFD4F62E1B504BBA00D37B9C /* GImage.h */,
				DFD4F62F1B504BBA00D37B9C /* GImage.m */,
				DFD4F67A1B504D1800D37B9C /* Core Data */,
			);
			name = Models;
			sourceTree = "<group>";
		};
		DFD4F62C1B504B7E00D37B9C /* Views */ = {
			isa = PBXGroup;
			children = (
				DFD4F6891B50530800D37B9C /* ImageCollectionViewCell.h */,
				DFD4F68A1B50530800D37B9C /* ImageCollectionViewCell.m */,
			);
			name = Views;
			sourceTree = "<group>";
		};
		DFD4F62D1B504B8200D37B9C /* Controllers */ = {
			isa = PBXGroup;
			children = (
				DFD4F6921B5063A400D37B9C /* App */,
				DFD4F6851B504EF300D37B9C /* Abstract */,
			);
			name = Controllers;
			sourceTree = "<group>";
		};
		DFD4F67A1B504D1800D37B9C /* Core Data */ = {
			isa = PBXGroup;
			children = (
				DFD4F6771B504D0D00D37B9C /* Search.h */,
				DFD4F6781B504D0D00D37B9C /* Search.m */,
			);
			name = "Core Data";
			sourceTree = "<group>";
		};
		DFD4F67B1B504D6E00D37B9C /* Helpers */ = {
			isa = PBXGroup;
			children = (
				DFD4F67C1B504D8500D37B9C /* UIView+AppViews.h */,
				DFD4F67D1B504D8500D37B9C /* UIView+AppViews.m */,
				DFD4F67F1B504D9F00D37B9C /* UIColor+AppColors.h */,
				DFD4F6801B504D9F00D37B9C /* UIColor+AppColors.m */,
				DFD4F6821B504DB200D37B9C /* UIFont+AppFonts.h */,
				DFD4F6831B504DB200D37B9C /* UIFont+AppFonts.m */,
			);
			name = Helpers;
			path = googleimageapi;
			sourceTree = "<group>";
		};
		DFD4F6851B504EF300D37B9C /* Abstract */ = {
			isa = PBXGroup;
			children = (
				DFD4F6861B504F0A00D37B9C /* CDViewController.h */,
				DFD4F6871B504F0A00D37B9C /* CDViewController.m */,
				DFD4F68F1B5060FE00D37B9C /* CDTableViewController.h */,
				DFD4F6901B5060FE00D37B9C /* CDTableViewController.m */,
			);
			name = Abstract;
			sourceTree = "<group>";
		};
		DFD4F6921B5063A400D37B9C /* App */ = {
			isa = PBXGroup;
			children = (
				DFD4F6341B504C1800D37B9C /* FeedViewController.h */,
				DFD4F6351B504C1800D37B9C /* FeedViewController.m */,
				DFD4F68C1B50607500D37B9C /* HistoryViewController.h */,
				DFD4F68D1B50607500D37B9C /* HistoryViewController.m */,
			);
			name = App;
			sourceTree = "<group>";
		};
/* End PBXGroup section */

/* Begin PBXNativeTarget section */
		DF43FB161B504A4900D42110 /* googleimageapi */ = {
			isa = PBXNativeTarget;
			buildConfigurationList = DF43FB3A1B504A4900D42110 /* Build configuration list for PBXNativeTarget "googleimageapi" */;
			buildPhases = (
				DA4C86318A768CEEA088EB33 /* Check Pods Manifest.lock */,
				DF43FB131B504A4900D42110 /* Sources */,
				DF43FB141B504A4900D42110 /* Frameworks */,
				DF43FB151B504A4900D42110 /* Resources */,
				94D064F7D9C89B8C1D411EBE /* Copy Pods Resources */,
			);
			buildRules = (
			);
			dependencies = (
			);
			name = googleimageapi;
			productName = googleimageapi;
			productReference = DF43FB171B504A4900D42110 /* googleimageapi.app */;
			productType = "com.apple.product-type.application";
		};
		DF43FB2F1B504A4900D42110 /* googleimageapiTests */ = {
			isa = PBXNativeTarget;
			buildConfigurationList = DF43FB3D1B504A4900D42110 /* Build configuration list for PBXNativeTarget "googleimageapiTests" */;
			buildPhases = (
				DF43FB2C1B504A4900D42110 /* Sources */,
				DF43FB2D1B504A4900D42110 /* Frameworks */,
				DF43FB2E1B504A4900D42110 /* Resources */,
			);
			buildRules = (
			);
			dependencies = (
				DF43FB321B504A4900D42110 /* PBXTargetDependency */,
			);
			name = googleimageapiTests;
			productName = googleimageapiTests;
			productReference = DF43FB301B504A4900D42110 /* googleimageapiTests.xctest */;
			productType = "com.apple.product-type.bundle.unit-test";
		};
/* End PBXNativeTarget section */

/* Begin PBXProject section */
		DF43FB0F1B504A4900D42110 /* Project object */ = {
			isa = PBXProject;
			attributes = {
				LastUpgradeCheck = 0640;
				ORGANIZATIONNAME = "Luke J Geiger";
				TargetAttributes = {
					DF43FB161B504A4900D42110 = {
						CreatedOnToolsVersion = 6.4;
					};
					DF43FB2F1B504A4900D42110 = {
						CreatedOnToolsVersion = 6.4;
						TestTargetID = DF43FB161B504A4900D42110;
					};
				};
			};
			buildConfigurationList = DF43FB121B504A4900D42110 /* Build configuration list for PBXProject "googleimageapi" */;
			compatibilityVersion = "Xcode 3.2";
			developmentRegion = English;
			hasScannedForEncodings = 0;
			knownRegions = (
				en,
				Base,
			);
			mainGroup = DF43FB0E1B504A4900D42110;
			productRefGroup = DF43FB181B504A4900D42110 /* Products */;
			projectDirPath = "";
			projectRoot = "";
			targets = (
				DF43FB161B504A4900D42110 /* googleimageapi */,
				DF43FB2F1B504A4900D42110 /* googleimageapiTests */,
			);
		};
/* End PBXProject section */

/* Begin PBXResourcesBuildPhase section */
		DF43FB151B504A4900D42110 /* Resources */ = {
			isa = PBXResourcesBuildPhase;
			buildActionMask = 2147483647;
			files = (
				DF43FB2B1B504A4900D42110 /* LaunchScreen.xib in Resources */,
				DF43FB281B504A4900D42110 /* Images.xcassets in Resources */,
			);
			runOnlyForDeploymentPostprocessing = 0;
		};
		DF43FB2E1B504A4900D42110 /* Resources */ = {
			isa = PBXResourcesBuildPhase;
			buildActionMask = 2147483647;
			files = (
			);
			runOnlyForDeploymentPostprocessing = 0;
		};
/* End PBXResourcesBuildPhase section */

/* Begin PBXShellScriptBuildPhase section */
		94D064F7D9C89B8C1D411EBE /* Copy Pods Resources */ = {
			isa = PBXShellScriptBuildPhase;
			buildActionMask = 2147483647;
			files = (
			);
			inputPaths = (
			);
			name = "Copy Pods Resources";
			outputPaths = (
			);
			runOnlyForDeploymentPostprocessing = 0;
			shellPath = /bin/sh;
			shellScript = "\"${SRCROOT}/Pods/Target Support Files/Pods-googleimageapi/Pods-googleimageapi-resources.sh\"\n";
			showEnvVarsInLog = 0;
		};
		DA4C86318A768CEEA088EB33 /* Check Pods Manifest.lock */ = {
			isa = PBXShellScriptBuildPhase;
			buildActionMask = 2147483647;
			files = (
			);
			inputPaths = (
			);
			name = "Check Pods Manifest.lock";
			outputPaths = (
			);
			runOnlyForDeploymentPostprocessing = 0;
			shellPath = /bin/sh;
			shellScript = "diff \"${PODS_ROOT}/../Podfile.lock\" \"${PODS_ROOT}/Manifest.lock\" > /dev/null\nif [[ $? != 0 ]] ; then\n    cat << EOM\nerror: The sandbox is not in sync with the Podfile.lock. Run 'pod install' or update your CocoaPods installation.\nEOM\n    exit 1\nfi\n";
			showEnvVarsInLog = 0;
		};
/* End PBXShellScriptBuildPhase section */

/* Begin PBXSourcesBuildPhase section */
		DF43FB131B504A4900D42110 /* Sources */ = {
			isa = PBXSourcesBuildPhase;
			buildActionMask = 2147483647;
			files = (
				DFD4F66E1B504C5100D37B9C /* GoogleImageSearchModel.xcdatamodeld in Sources */,
				DFD4F6811B504D9F00D37B9C /* UIColor+AppColors.m in Sources */,
				DF43FB201B504A4900D42110 /* AppDelegate.m in Sources */,
				DFD4F6361B504C1800D37B9C /* FeedViewController.m in Sources */,
				DFD4F6301B504BBA00D37B9C /* GImage.m in Sources */,
				DFD4F6911B5060FE00D37B9C /* CDTableViewController.m in Sources */,
				DF43FB1D1B504A4900D42110 /* main.m in Sources */,
				DFD4F6791B504D0D00D37B9C /* Search.m in Sources */,
				DFD4F6881B504F0A00D37B9C /* CDViewController.m in Sources */,
				DFD4F68B1B50530800D37B9C /* ImageCollectionViewCell.m in Sources */,
				DFD4F67E1B504D8500D37B9C /* UIView+AppViews.m in Sources */,
				DFD4F6841B504DB200D37B9C /* UIFont+AppFonts.m in Sources */,
				DFD4F68E1B50607500D37B9C /* HistoryViewController.m in Sources */,
			);
			runOnlyForDeploymentPostprocessing = 0;
		};
		DF43FB2C1B504A4900D42110 /* Sources */ = {
			isa = PBXSourcesBuildPhase;
			buildActionMask = 2147483647;
			files = (
				DF43FB371B504A4900D42110 /* googleimageapiTests.m in Sources */,
			);
			runOnlyForDeploymentPostprocessing = 0;
		};
/* End PBXSourcesBuildPhase section */

/* Begin PBXTargetDependency section */
		DF43FB321B504A4900D42110 /* PBXTargetDependency */ = {
			isa = PBXTargetDependency;
			target = DF43FB161B504A4900D42110 /* googleimageapi */;
			targetProxy = DF43FB311B504A4900D42110 /* PBXContainerItemProxy */;
		};
/* End PBXTargetDependency section */

/* Begin PBXVariantGroup section */
		DF43FB291B504A4900D42110 /* LaunchScreen.xib */ = {
			isa = PBXVariantGroup;
			children = (
				DF43FB2A1B504A4900D42110 /* Base */,
			);
			name = LaunchScreen.xib;
			sourceTree = "<group>";
		};
/* End PBXVariantGroup section */

/* Begin XCBuildConfiguration section */
		DF43FB381B504A4900D42110 /* Debug */ = {
			isa = XCBuildConfiguration;
			buildSettings = {
				ALWAYS_SEARCH_USER_PATHS = NO;
				CLANG_CXX_LANGUAGE_STANDARD = "gnu++0x";
				CLANG_CXX_LIBRARY = "libc++";
				CLANG_ENABLE_MODULES = YES;
				CLANG_ENABLE_OBJC_ARC = YES;
				CLANG_WARN_BOOL_CONVERSION = YES;
				CLANG_WARN_CONSTANT_CONVERSION = YES;
				CLANG_WARN_DIRECT_OBJC_ISA_USAGE = YES_ERROR;
				CLANG_WARN_EMPTY_BODY = YES;
				CLANG_WARN_ENUM_CONVERSION = YES;
				CLANG_WARN_INT_CONVERSION = YES;
				CLANG_WARN_OBJC_ROOT_CLASS = YES_ERROR;
				CLANG_WARN_UNREACHABLE_CODE = YES;
				CLANG_WARN__DUPLICATE_METHOD_MATCH = YES;
				"CODE_SIGN_IDENTITY[sdk=iphoneos*]" = "iPhone Developer";
				COPY_PHASE_STRIP = NO;
				DEBUG_INFORMATION_FORMAT = "dwarf-with-dsym";
				ENABLE_STRICT_OBJC_MSGSEND = YES;
				GCC_C_LANGUAGE_STANDARD = gnu99;
				GCC_DYNAMIC_NO_PIC = NO;
				GCC_NO_COMMON_BLOCKS = YES;
				GCC_OPTIMIZATION_LEVEL = 0;
				GCC_PREPROCESSOR_DEFINITIONS = (
					"DEBUG=1",
					"$(inherited)",
				);
				GCC_SYMBOLS_PRIVATE_EXTERN = NO;
				GCC_WARN_64_TO_32_BIT_CONVERSION = YES;
				GCC_WARN_ABOUT_RETURN_TYPE = YES_ERROR;
				GCC_WARN_UNDECLARED_SELECTOR = YES;
				GCC_WARN_UNINITIALIZED_AUTOS = YES_AGGRESSIVE;
				GCC_WARN_UNUSED_FUNCTION = YES;
				GCC_WARN_UNUSED_VARIABLE = YES;
				IPHONEOS_DEPLOYMENT_TARGET = 8.4;
				MTL_ENABLE_DEBUG_INFO = YES;
				ONLY_ACTIVE_ARCH = YES;
				SDKROOT = iphoneos;
			};
			name = Debug;
		};
		DF43FB391B504A4900D42110 /* Release */ = {
			isa = XCBuildConfiguration;
			buildSettings = {
				ALWAYS_SEARCH_USER_PATHS = NO;
				CLANG_CXX_LANGUAGE_STANDARD = "gnu++0x";
				CLANG_CXX_LIBRARY = "libc++";
				CLANG_ENABLE_MODULES = YES;
				CLANG_ENABLE_OBJC_ARC = YES;
				CLANG_WARN_BOOL_CONVERSION = YES;
				CLANG_WARN_CONSTANT_CONVERSION = YES;
				CLANG_WARN_DIRECT_OBJC_ISA_USAGE = YES_ERROR;
				CLANG_WARN_EMPTY_BODY = YES;
				CLANG_WARN_ENUM_CONVERSION = YES;
				CLANG_WARN_INT_CONVERSION = YES;
				CLANG_WARN_OBJC_ROOT_CLASS = YES_ERROR;
				CLANG_WARN_UNREACHABLE_CODE = YES;
				CLANG_WARN__DUPLICATE_METHOD_MATCH = YES;
				"CODE_SIGN_IDENTITY[sdk=iphoneos*]" = "iPhone Developer";
				COPY_PHASE_STRIP = NO;
				DEBUG_INFORMATION_FORMAT = "dwarf-with-dsym";
				ENABLE_NS_ASSERTIONS = NO;
				ENABLE_STRICT_OBJC_MSGSEND = YES;
				GCC_C_LANGUAGE_STANDARD = gnu99;
				GCC_NO_COMMON_BLOCKS = YES;
				GCC_WARN_64_TO_32_BIT_CONVERSION = YES;
				GCC_WARN_ABOUT_RETURN_TYPE = YES_ERROR;
				GCC_WARN_UNDECLARED_SELECTOR = YES;
				GCC_WARN_UNINITIALIZED_AUTOS = YES_AGGRESSIVE;
				GCC_WARN_UNUSED_FUNCTION = YES;
				GCC_WARN_UNUSED_VARIABLE = YES;
				IPHONEOS_DEPLOYMENT_TARGET = 8.4;
				MTL_ENABLE_DEBUG_INFO = NO;
				SDKROOT = iphoneos;
				VALIDATE_PRODUCT = YES;
			};
			name = Release;
		};
		DF43FB3B1B504A4900D42110 /* Debug */ = {
			isa = XCBuildConfiguration;
			baseConfigurationReference = 34889C3B1383E431F233B13D /* Pods-googleimageapi.debug.xcconfig */;
			buildSettings = {
				ASSETCATALOG_COMPILER_APPICON_NAME = AppIcon;
				INFOPLIST_FILE = googleimageapi/Info.plist;
				LD_RUNPATH_SEARCH_PATHS = "$(inherited) @executable_path/Frameworks";
				PRODUCT_NAME = "$(TARGET_NAME)";
			};
			name = Debug;
		};
		DF43FB3C1B504A4900D42110 /* Release */ = {
			isa = XCBuildConfiguration;
			baseConfigurationReference = B4F23AAF5086EA5030601C04 /* Pods-googleimageapi.release.xcconfig */;
			buildSettings = {
				ASSETCATALOG_COMPILER_APPICON_NAME = AppIcon;
				INFOPLIST_FILE = googleimageapi/Info.plist;
				LD_RUNPATH_SEARCH_PATHS = "$(inherited) @executable_path/Frameworks";
				PRODUCT_NAME = "$(TARGET_NAME)";
			};
			name = Release;
		};
		DF43FB3E1B504A4900D42110 /* Debug */ = {
			isa = XCBuildConfiguration;
			buildSettings = {
				BUNDLE_LOADER = "$(TEST_HOST)";
				FRAMEWORK_SEARCH_PATHS = (
					"$(SDKROOT)/Developer/Library/Frameworks",
					"$(inherited)",
				);
				GCC_PREPROCESSOR_DEFINITIONS = (
					"DEBUG=1",
					"$(inherited)",
				);
				INFOPLIST_FILE = googleimageapiTests/Info.plist;
				LD_RUNPATH_SEARCH_PATHS = "$(inherited) @executable_path/Frameworks @loader_path/Frameworks";
				PRODUCT_NAME = "$(TARGET_NAME)";
				TEST_HOST = "$(BUILT_PRODUCTS_DIR)/googleimageapi.app/googleimageapi";
			};
			name = Debug;
		};
		DF43FB3F1B504A4900D42110 /* Release */ = {
			isa = XCBuildConfiguration;
			buildSettings = {
				BUNDLE_LOADER = "$(TEST_HOST)";
				FRAMEWORK_SEARCH_PATHS = (
					"$(SDKROOT)/Developer/Library/Frameworks",
					"$(inherited)",
				);
				INFOPLIST_FILE = googleimageapiTests/Info.plist;
				LD_RUNPATH_SEARCH_PATHS = "$(inherited) @executable_path/Frameworks @loader_path/Frameworks";
				PRODUCT_NAME = "$(TARGET_NAME)";
				TEST_HOST = "$(BUILT_PRODUCTS_DIR)/googleimageapi.app/googleimageapi";
			};
			name = Release;
		};
/* End XCBuildConfiguration section */

/* Begin XCConfigurationList section */
		DF43FB121B504A4900D42110 /* Build configuration list for PBXProject "googleimageapi" */ = {
			isa = XCConfigurationList;
			buildConfigurations = (
				DF43FB381B504A4900D42110 /* Debug */,
				DF43FB391B504A4900D42110 /* Release */,
			);
			defaultConfigurationIsVisible = 0;
			defaultConfigurationName = Release;
		};
		DF43FB3A1B504A4900D42110 /* Build configuration list for PBXNativeTarget "googleimageapi" */ = {
			isa = XCConfigurationList;
			buildConfigurations = (
				DF43FB3B1B504A4900D42110 /* Debug */,
				DF43FB3C1B504A4900D42110 /* Release */,
			);
			defaultConfigurationIsVisible = 0;
			defaultConfigurationName = Release;
		};
		DF43FB3D1B504A4900D42110 /* Build configuration list for PBXNativeTarget "googleimageapiTests" */ = {
			isa = XCConfigurationList;
			buildConfigurations = (
				DF43FB3E1B504A4900D42110 /* Debug */,
				DF43FB3F1B504A4900D42110 /* Release */,
			);
			defaultConfigurationIsVisible = 0;
			defaultConfigurationName = Release;
		};
/* End XCConfigurationList section */

/* Begin XCVersionGroup section */
		DFD4F66C1B504C5100D37B9C /* GoogleImageSearchModel.xcdatamodeld */ = {
			isa = XCVersionGroup;
			children = (
				DFD4F66D1B504C5100D37B9C /* GoogleImageSearchModel.xcdatamodel */,
			);
			currentVersion = DFD4F66D1B504C5100D37B9C /* GoogleImageSearchModel.xcdatamodel */;
			path = GoogleImageSearchModel.xcdatamodeld;
			sourceTree = "<group>";
			versionGroupType = wrapper.xcdatamodel;
		};
/* End XCVersionGroup section */
	};
	rootObject = DF43FB0F1B504A4900D42110 /* Project object */;
}
